
Microsoft Visual Studio Solution File, Format Version 12.00
# Visual Studio Version 16
VisualStudioVersion = 16.0.29609.76
MinimumVisualStudioVersion = 10.0.40219.1
Project("{FAE04EC0-301F-11D3-BF4B-00C04F79EFBC}") = "Server", "Server\Server.csproj", "{1DCA5578-35D2-4E5B-A4C8-34ED1F1A456A}"
EndProject
Global
	GlobalSection(SolutionConfigurationPlatforms) = preSolution
		Debug|Any CPU = Debug|Any CPU
		Release|Any CPU = Release|Any CPU
	EndGlobalSection
	GlobalSection(ProjectConfigurationPlatforms) = postSolution
		{1DCA5578-35D2-4E5B-A4C8-34ED1F1A456A}.Debug|Any CPU.ActiveCfg = Debug|Any CPU
		{1DCA5578-35D2-4E5B-A4C8-34ED1F1A456A}.Debug|Any CPU.Build.0 = Debug|Any CPU
		{1DCA5578-35D2-4E5B-A4C8-34ED1F1A456A}.Release|Any CPU.ActiveCfg = Release|Any CPU
		{1DCA5578-35D2-4E5B-A4C8-34ED1F1A456A}.Release|Any CPU.Build.0 = Release|Any CPU
	EndGlobalSection
	GlobalSection(SolutionProperties) = preSolution
		HideSolutionNode = FALSE
	EndGlobalSection
	GlobalSection(ExtensibilityGlobals) = postSolution
		SolutionGuid = {FA571ECD-E5B5-4536-9A5D-F137F80FF16C}
	EndGlobalSection
EndGlobal
